# This file is auto-generated by deft.
# It records exact resolved versions for reproducible builds.
# Do not edit by hand; run `deft update` to regenerate.

[[dependency]]
name = "json"
source = "git+https://github.com/deft-cli/json.git"
checksum = "81e91719e9c1bcd1392706779a3371d1d9839b70"
version = "3.12.0"
dependencies = []
