# This file is auto-generated by revol.
# It records exact resolved versions for reproducible builds.
# Do not edit by hand; run `revol update` to regenerate.

[[dependency]]
name = "json"
source = "git+https://github.com/xntas/json.git"
checksum = "39f4c5b6057d256a9d1f59ad30333ac3cd304ec9"
version = "3.12.0"
dependencies = []
